
Microsoft Visual Studio Solution File, Format Version 12.00
# Visual Studio Version 17
VisualStudioVersion = 17.14.37328.6 d17.14
MinimumVisualStudioVersion = 10.0.40219.1
Project("{FAE04EC0-301F-11D3-BF4B-00C04F79EFBC}") = "015-DegiskenTanimlamaKurallari", "015-DegiskenTanimlamaKurallari\015-DegiskenTanimlamaKurallari.csproj", "{2D7F86F7-35A5-4971-A589-69D976F6FB93}"
EndProject
Global
	GlobalSection(SolutionConfigurationPlatforms) = preSolution
		Debug|Any CPU = Debug|Any CPU
		Release|Any CPU = Release|Any CPU
	EndGlobalSection
	GlobalSection(ProjectConfigurationPlatforms) = postSolution
		{2D7F86F7-35A5-4971-A589-69D976F6FB93}.Debug|Any CPU.ActiveCfg = Debug|Any CPU
		{2D7F86F7-35A5-4971-A589-69D976F6FB93}.Debug|Any CPU.Build.0 = Debug|Any CPU
		{2D7F86F7-35A5-4971-A589-69D976F6FB93}.Release|Any CPU.ActiveCfg = Release|Any CPU
		{2D7F86F7-35A5-4971-A589-69D976F6FB93}.Release|Any CPU.Build.0 = Release|Any CPU
	EndGlobalSection
	GlobalSection(SolutionProperties) = preSolution
		HideSolutionNode = FALSE
	EndGlobalSection
	GlobalSection(ExtensibilityGlobals) = postSolution
		SolutionGuid = {86A21E92-468D-4128-B165-00C0C12468B6}
	EndGlobalSection
EndGlobal
