
Microsoft Visual Studio Solution File, Format Version 12.00
# Visual Studio Version 17
VisualStudioVersion = 17.14.37328.6 d17.14
MinimumVisualStudioVersion = 10.0.40219.1
Project("{FAE04EC0-301F-11D3-BF4B-00C04F79EFBC}") = "003-VeriTipleri", "003-VeriTipleri\003-VeriTipleri.csproj", "{FF6CBDF8-35BB-4ECE-920E-8CF041F4AB62}"
EndProject
Global
	GlobalSection(SolutionConfigurationPlatforms) = preSolution
		Debug|Any CPU = Debug|Any CPU
		Release|Any CPU = Release|Any CPU
	EndGlobalSection
	GlobalSection(ProjectConfigurationPlatforms) = postSolution
		{FF6CBDF8-35BB-4ECE-920E-8CF041F4AB62}.Debug|Any CPU.ActiveCfg = Debug|Any CPU
		{FF6CBDF8-35BB-4ECE-920E-8CF041F4AB62}.Debug|Any CPU.Build.0 = Debug|Any CPU
		{FF6CBDF8-35BB-4ECE-920E-8CF041F4AB62}.Release|Any CPU.ActiveCfg = Release|Any CPU
		{FF6CBDF8-35BB-4ECE-920E-8CF041F4AB62}.Release|Any CPU.Build.0 = Release|Any CPU
	EndGlobalSection
	GlobalSection(SolutionProperties) = preSolution
		HideSolutionNode = FALSE
	EndGlobalSection
	GlobalSection(ExtensibilityGlobals) = postSolution
		SolutionGuid = {2D202E58-DDDB-4901-ADAC-31ED49B16DA6}
	EndGlobalSection
EndGlobal
