
Microsoft Visual Studio Solution File, Format Version 12.00
# Visual Studio Version 17
VisualStudioVersion = 17.14.37328.6 d17.14
MinimumVisualStudioVersion = 10.0.40219.1
Project("{FAE04EC0-301F-11D3-BF4B-00C04F79EFBC}") = "017-UYGULAMA4", "017-UYGULAMA4\017-UYGULAMA4.csproj", "{2FB3F660-E7E0-405D-8749-94ACE5D857CA}"
EndProject
Global
	GlobalSection(SolutionConfigurationPlatforms) = preSolution
		Debug|Any CPU = Debug|Any CPU
		Release|Any CPU = Release|Any CPU
	EndGlobalSection
	GlobalSection(ProjectConfigurationPlatforms) = postSolution
		{2FB3F660-E7E0-405D-8749-94ACE5D857CA}.Debug|Any CPU.ActiveCfg = Debug|Any CPU
		{2FB3F660-E7E0-405D-8749-94ACE5D857CA}.Debug|Any CPU.Build.0 = Debug|Any CPU
		{2FB3F660-E7E0-405D-8749-94ACE5D857CA}.Release|Any CPU.ActiveCfg = Release|Any CPU
		{2FB3F660-E7E0-405D-8749-94ACE5D857CA}.Release|Any CPU.Build.0 = Release|Any CPU
	EndGlobalSection
	GlobalSection(SolutionProperties) = preSolution
		HideSolutionNode = FALSE
	EndGlobalSection
	GlobalSection(ExtensibilityGlobals) = postSolution
		SolutionGuid = {E84D12A3-5BF2-44F1-80B8-EC25C1C70286}
	EndGlobalSection
EndGlobal
