
Microsoft Visual Studio Solution File, Format Version 12.00
# Visual Studio Version 17
VisualStudioVersion = 17.14.37328.6 d17.14
MinimumVisualStudioVersion = 10.0.40219.1
Project("{FAE04EC0-301F-11D3-BF4B-00C04F79EFBC}") = "010-UYGULAMA1", "010-UYGULAMA1\010-UYGULAMA1.csproj", "{7BBF132D-E99A-488A-A3D1-E65F3A07C937}"
EndProject
Global
	GlobalSection(SolutionConfigurationPlatforms) = preSolution
		Debug|Any CPU = Debug|Any CPU
		Release|Any CPU = Release|Any CPU
	EndGlobalSection
	GlobalSection(ProjectConfigurationPlatforms) = postSolution
		{7BBF132D-E99A-488A-A3D1-E65F3A07C937}.Debug|Any CPU.ActiveCfg = Debug|Any CPU
		{7BBF132D-E99A-488A-A3D1-E65F3A07C937}.Debug|Any CPU.Build.0 = Debug|Any CPU
		{7BBF132D-E99A-488A-A3D1-E65F3A07C937}.Release|Any CPU.ActiveCfg = Release|Any CPU
		{7BBF132D-E99A-488A-A3D1-E65F3A07C937}.Release|Any CPU.Build.0 = Release|Any CPU
	EndGlobalSection
	GlobalSection(SolutionProperties) = preSolution
		HideSolutionNode = FALSE
	EndGlobalSection
	GlobalSection(ExtensibilityGlobals) = postSolution
		SolutionGuid = {36078E6A-7CA0-493D-83BD-B642BB2747A2}
	EndGlobalSection
EndGlobal
